
Microsoft Visual Studio Solution File, Format Version 12.00
# Visual Studio Version 17
VisualStudioVersion = 17.11.35303.130
MinimumVisualStudioVersion = 10.0.40219.1
Project("{FAE04EC0-301F-11D3-BF4B-00C04F79EFBC}") = "upds_ventas", "upds_ventas\upds_ventas.csproj", "{B75F2219-DD97-4CFD-9718-2E2103E5D853}"
EndProject
Global
	GlobalSection(SolutionConfigurationPlatforms) = preSolution
		Debug|Any CPU = Debug|Any CPU
		Release|Any CPU = Release|Any CPU
	EndGlobalSection
	GlobalSection(ProjectConfigurationPlatforms) = postSolution
		{B75F2219-DD97-4CFD-9718-2E2103E5D853}.Debug|Any CPU.ActiveCfg = Debug|Any CPU
		{B75F2219-DD97-4CFD-9718-2E2103E5D853}.Debug|Any CPU.Build.0 = Debug|Any CPU
		{B75F2219-DD97-4CFD-9718-2E2103E5D853}.Release|Any CPU.ActiveCfg = Release|Any CPU
		{B75F2219-DD97-4CFD-9718-2E2103E5D853}.Release|Any CPU.Build.0 = Release|Any CPU
	EndGlobalSection
	GlobalSection(SolutionProperties) = preSolution
		HideSolutionNode = FALSE
	EndGlobalSection
	GlobalSection(ExtensibilityGlobals) = postSolution
		SolutionGuid = {F91B2C46-ACE7-4C22-A784-CEEB1E7573E6}
	EndGlobalSection
EndGlobal
